
Microsoft Visual Studio Solution File, Format Version 12.00
# Visual Studio Version 17
VisualStudioVersion = 17.5.33530.505
MinimumVisualStudioVersion = 10.0.40219.1
Project("{9A19103F-16F7-4668-BE54-9A1E7A4F7556}") = "Health-Tracker", "Health-Tracker.csproj", "{C5EEC8CE-F83F-49A4-A3D7-51E21B683628}"
EndProject
Project("{9A19103F-16F7-4668-BE54-9A1E7A4F7556}") = "HealthTracker.DataService", "..\HealthTracker.DataService\HealthTracker.DataService.csproj", "{A17903B9-8A44-4EE5-8F4E-819E95EB38CA}"
EndProject
Project("{9A19103F-16F7-4668-BE54-9A1E7A4F7556}") = "HealthTracker.Entities", "..\HealthTracker.Entities\HealthTracker.Entities.csproj", "{60AAEAA3-604F-4DD5-9340-4DB5D67B46E6}"
EndProject
Project("{9A19103F-16F7-4668-BE54-9A1E7A4F7556}") = "Health-Tracker.Authentication", "..\Health-Tracker.Authentication\Health-Tracker.Authentication.csproj", "{77C757DC-0CB0-45C1-98C7-DA38421B3BFC}"
EndProject
Project("{FAE04EC0-301F-11D3-BF4B-00C04F79EFBC}") = "Health-Tracker.Configuration", "..\Health-Tracker.Configuration\Health-Tracker.Configuration.csproj", "{D0C130FB-3015-4307-B299-E7C69E28E518}"
EndProject
Global
	GlobalSection(SolutionConfigurationPlatforms) = preSolution
		Debug|Any CPU = Debug|Any CPU
		Release|Any CPU = Release|Any CPU
	EndGlobalSection
	GlobalSection(ProjectConfigurationPlatforms) = postSolution
		{C5EEC8CE-F83F-49A4-A3D7-51E21B683628}.Debug|Any CPU.ActiveCfg = Debug|Any CPU
		{C5EEC8CE-F83F-49A4-A3D7-51E21B683628}.Debug|Any CPU.Build.0 = Debug|Any CPU
		{C5EEC8CE-F83F-49A4-A3D7-51E21B683628}.Release|Any CPU.ActiveCfg = Release|Any CPU
		{C5EEC8CE-F83F-49A4-A3D7-51E21B683628}.Release|Any CPU.Build.0 = Release|Any CPU
		{A17903B9-8A44-4EE5-8F4E-819E95EB38CA}.Debug|Any CPU.ActiveCfg = Debug|Any CPU
		{A17903B9-8A44-4EE5-8F4E-819E95EB38CA}.Debug|Any CPU.Build.0 = Debug|Any CPU
		{A17903B9-8A44-4EE5-8F4E-819E95EB38CA}.Release|Any CPU.ActiveCfg = Release|Any CPU
		{A17903B9-8A44-4EE5-8F4E-819E95EB38CA}.Release|Any CPU.Build.0 = Release|Any CPU
		{60AAEAA3-604F-4DD5-9340-4DB5D67B46E6}.Debug|Any CPU.ActiveCfg = Debug|Any CPU
		{60AAEAA3-604F-4DD5-9340-4DB5D67B46E6}.Debug|Any CPU.Build.0 = Debug|Any CPU
		{60AAEAA3-604F-4DD5-9340-4DB5D67B46E6}.Release|Any CPU.ActiveCfg = Release|Any CPU
		{60AAEAA3-604F-4DD5-9340-4DB5D67B46E6}.Release|Any CPU.Build.0 = Release|Any CPU
		{77C757DC-0CB0-45C1-98C7-DA38421B3BFC}.Debug|Any CPU.ActiveCfg = Debug|Any CPU
		{77C757DC-0CB0-45C1-98C7-DA38421B3BFC}.Debug|Any CPU.Build.0 = Debug|Any CPU
		{77C757DC-0CB0-45C1-98C7-DA38421B3BFC}.Release|Any CPU.ActiveCfg = Release|Any CPU
		{77C757DC-0CB0-45C1-98C7-DA38421B3BFC}.Release|Any CPU.Build.0 = Release|Any CPU
		{D0C130FB-3015-4307-B299-E7C69E28E518}.Debug|Any CPU.ActiveCfg = Debug|Any CPU
		{D0C130FB-3015-4307-B299-E7C69E28E518}.Debug|Any CPU.Build.0 = Debug|Any CPU
		{D0C130FB-3015-4307-B299-E7C69E28E518}.Release|Any CPU.ActiveCfg = Release|Any CPU
		{D0C130FB-3015-4307-B299-E7C69E28E518}.Release|Any CPU.Build.0 = Release|Any CPU
	EndGlobalSection
	GlobalSection(SolutionProperties) = preSolution
		HideSolutionNode = FALSE
	EndGlobalSection
	GlobalSection(ExtensibilityGlobals) = postSolution
		SolutionGuid = {F1C74F58-72C9-4214-9971-7EB9DB56E489}
	EndGlobalSection
EndGlobal
